# THIS IS AN AUTOGENERATED FILE. DO NOT EDIT THIS FILE DIRECTLY.
# yarn lockfile v1


ansi-regex@^5.0.0:
  version "5.0.0"
  resolved "https://registry.yarnpkg.com/ansi-regex/-/ansi-regex-5.0.0.tgz#388539f55179bf39339c81af30a654d69f87cb75"
  integrity sha512-bY6fj56OUQ0hU1KjFNDQuJFezqKdrAyFdIevADiqrWHwSlbmBNMHp5ak2f40Pm8JTFyM2mqxkG6ngkHO11f/lg==

ansi-styles@^4.0.0, ansi-styles@^4.1.0:
  version "4.3.0"
  resolved "https://registry.yarnpkg.com/ansi-styles/-/ansi-styles-4.3.0.tgz#edd803628ae71c04c85ae7a0906edad34b648937"
  integrity sha512-zbB9rCJAT1rbjiVDb2hqKFHNYLxgtk8NURxZ3IZwD3F6NtxbXZQCnnSi1Lkx+IDohdPlFp222wVALIheZJQSEg==
  dependencies:
    color-convert "^2.0.1"

bindings@^1.5.0:
  version "1.5.0"
  resolved "https://registry.yarnpkg.com/bindings/-/bindings-1.5.0.tgz#10353c9e945334bc0511a6d90b38fbc7c9c504df"
  integrity sha512-p2q/t/mhvuOj/UeLlV6566GD/guowlr0hHxClI0W9m7MWYkL1F0hLo+0Aexs9HSPCtR1SXQ0TD3MMKrXZajbiQ==
  dependencies:
    file-uri-to-path "1.0.0"

bl@^2.2.1:
  version "2.2.1"
  resolved "https://registry.yarnpkg.com/bl/-/bl-2.2.1.tgz#8c11a7b730655c5d56898cdc871224f40fd901d5"
  integrity sha512-6Pesp1w0DEX1N550i/uGV/TqucVL4AM/pgThFSN/Qq9si1/DF9aIHs1BxD8V/QU0HoeHO6cQRTAuYnLPKq1e4g==
  dependencies:
    readable-stream "^2.3.5"
    safe-buffer "^5.1.1"

bson@^1.1.4:
  version "1.1.5"
  resolved "https://registry.yarnpkg.com/bson/-/bson-1.1.5.tgz#2aaae98fcdf6750c0848b0cba1ddec3c73060a34"
  integrity sha512-kDuEzldR21lHciPQAIulLs1LZlCXdLziXI6Mb/TDkwXhb//UORJNPXgcRs2CuO4H0DcMkpfT3/ySsP3unoZjBg==

chalk@4.1.0:
  version "4.1.0"
  resolved "https://registry.yarnpkg.com/chalk/-/chalk-4.1.0.tgz#4e14870a618d9e2edd97dd8345fd9d9dc315646a"
  integrity sha512-qwx12AxXe2Q5xQ43Ac//I6v5aXTipYrSESdOgzrN+9XjgEpyjpKuvSGaN4qE93f7TQTlerQQ8S+EQ0EyDoVL1A==
  dependencies:
    ansi-styles "^4.1.0"
    supports-color "^7.1.0"

cliui@^7.0.0:
  version "7.0.4"
  resolved "https://registry.yarnpkg.com/cliui/-/cliui-7.0.4.tgz#a0265ee655476fc807aea9df3df8df7783808b4f"
  integrity sha512-OcRE68cOsVMXp1Yvonl/fzkQOyjLSu/8bhPDfQt0e0/Eb283TKP20Fs2MqoPsr9SwA595rRCA+QMzYc9nBP+JQ==
  dependencies:
    string-width "^4.2.0"
    strip-ansi "^6.0.0"
    wrap-ansi "^7.0.0"

color-convert@^2.0.1:
  version "2.0.1"
  resolved "https://registry.yarnpkg.com/color-convert/-/color-convert-2.0.1.tgz#72d3a68d598c9bdb3af2ad1e84f21d896abd4de3"
  integrity sha512-RRECPsj7iu/xb5oKYcsFHSppFNnsj/52OVTRKb4zP5onXwVF3zVmmToNcOfGC+CRDpfK/U584fMg38ZHCaElKQ==
  dependencies:
    color-name "~1.1.4"

color-name@~1.1.4:
  version "1.1.4"
  resolved "https://registry.yarnpkg.com/color-name/-/color-name-1.1.4.tgz#c2a09a87acbde69543de6f63fa3995c826c536a2"
  integrity sha512-dOy+3AuW3a2wNbZHIuMZpTcgjGuLU/uBL/ubcZF9OXbDo8ff4O8yVp5Bf0efS8uEoYo5q4Fx7dY9OgQGXgAsQA==

compute-array-constructors@^1.0.0:
  version "1.0.1"
  resolved "https://registry.yarnpkg.com/compute-array-constructors/-/compute-array-constructors-1.0.1.tgz#87ed7a659668f32bf470ce21c9bb224964892665"
  integrity sha1-h+16ZZZo8yv0cM4hybsiSWSJJmU=

compute-array-dtype@^1.0.0:
  version "1.0.1"
  resolved "https://registry.yarnpkg.com/compute-array-dtype/-/compute-array-dtype-1.0.1.tgz#d04926b68490224590539a4ae812f18a4998dbf3"
  integrity sha1-0EkmtoSQIkWQU5pK6BLxikmY2/M=

compute-dtype@^1.0.0:
  version "1.0.0"
  resolved "https://registry.yarnpkg.com/compute-dtype/-/compute-dtype-1.0.0.tgz#f7465fc268166e2b5a2b8a64b57cec69118d3574"
  integrity sha1-90ZfwmgWbitaK4pktXzsaRGNNXQ=
  dependencies:
    compute-array-dtype "^1.0.0"
    type-name "^1.0.1"

"compute-gammainc@git+https://github.com/compute-io/gammainc.git":
  version "0.0.0"
  resolved "git+https://github.com/compute-io/gammainc.git#bc70aa2136c91877a590ebc4a08bac3d9843adcc"
  dependencies:
    compute-array-constructors "^1.0.0"
    dstructs-matrix "^2.0.0"
    gamma "^1.0.0"
    utils-deep-get "^1.0.0"
    utils-deep-set "^1.0.1"
    validate.io-array "^1.0.6"
    validate.io-array-like "^1.0.1"
    validate.io-boolean-primitive "^1.0.0"
    validate.io-function "^1.0.2"
    validate.io-matrix-like "^1.0.2"
    validate.io-nan "^1.0.3"
    validate.io-number-primitive "^1.0.0"
    validate.io-object "^1.0.4"
    validate.io-string-primitive "^1.0.0"
    validate.io-typed-array-like "^1.0.0"

compute-indexspace@^1.0.1:
  version "1.0.1"
  resolved "https://registry.yarnpkg.com/compute-indexspace/-/compute-indexspace-1.0.1.tgz#d81d0a582145c96e4bb39936aebdae6cc57e857f"
  integrity sha1-2B0KWCFFyW5Ls5k2rr2ubMV+hX8=
  dependencies:
    validate.io-nonnegative-integer "^1.0.0"
    validate.io-string-primitive "^1.0.0"

const-max-uint32@^1.0.2:
  version "1.0.2"
  resolved "https://registry.yarnpkg.com/const-max-uint32/-/const-max-uint32-1.0.2.tgz#f009bb6230e678ed874dd2d6a9cd9e3cbfabb676"
  integrity sha1-8Am7YjDmeO2HTdLWqc2ePL+rtnY=

const-pinf-float64@^1.0.0:
  version "1.0.0"
  resolved "https://registry.yarnpkg.com/const-pinf-float64/-/const-pinf-float64-1.0.0.tgz#f6efb0d79f9c0986d3e79f2923abf9b70b63d726"
  integrity sha1-9u+w15+cCYbT558pI6v5twtj1yY=

core-util-is@~1.0.0:
  version "1.0.2"
  resolved "https://registry.yarnpkg.com/core-util-is/-/core-util-is-1.0.2.tgz#b5fd54220aa2bc5ab57aab7140c940754503c1a7"
  integrity sha1-tf1UIgqivFq1eqtxQMlAdUUDwac=

denque@^1.4.1:
  version "1.4.1"
  resolved "https://registry.yarnpkg.com/denque/-/denque-1.4.1.tgz#6744ff7641c148c3f8a69c307e51235c1f4a37cf"
  integrity sha512-OfzPuSZKGcgr96rf1oODnfjqBFmr1DVoc/TrItj3Ohe0Ah1C5WX5Baquw/9U9KovnQ88EqmJbD66rKYUQYN1tQ==

distributions-poisson-cdf@^0.0.2:
  version "0.0.2"
  resolved "https://registry.yarnpkg.com/distributions-poisson-cdf/-/distributions-poisson-cdf-0.0.2.tgz#8dba92fb5cf4e926bb3112ccd2722318ec2e00e2"
  integrity sha1-jbqS+1z06Sa7MRLM0nIjGOwuAOI=
  dependencies:
    compute-array-constructors "^1.0.0"
    compute-gammainc "git+https://github.com/compute-io/gammainc.git"
    dstructs-matrix "^2.0.0"
    utils-deep-get "^1.0.0"
    utils-deep-set "^1.0.1"
    validate.io-array-like "^1.0.1"
    validate.io-boolean-primitive "^1.0.0"
    validate.io-function "^1.0.2"
    validate.io-matrix-like "^1.0.2"
    validate.io-nan "^1.0.3"
    validate.io-nonnegative-integer "^1.0.0"
    validate.io-number-primitive "^1.0.0"
    validate.io-object "^1.0.4"
    validate.io-positive-primitive "^1.0.0"
    validate.io-string-primitive "^1.0.0"
    validate.io-typed-array-like "^1.0.0"

dstructs-array-constructors@^1.0.2:
  version "1.0.2"
  resolved "https://registry.yarnpkg.com/dstructs-array-constructors/-/dstructs-array-constructors-1.0.2.tgz#0f068ad5b37d014a44021a4f9c9dd0d89a52645a"
  integrity sha1-DwaK1bN9AUpEAhpPnJ3Q2JpSZFo=

dstructs-array-dtype@^1.0.2:
  version "1.0.2"
  resolved "https://registry.yarnpkg.com/dstructs-array-dtype/-/dstructs-array-dtype-1.0.2.tgz#c368fb6e46229dfa2409f700cc43a209b480e76e"
  integrity sha1-w2j7bkYinfokCfcAzEOiCbSA524=

dstructs-cast-arrays@^1.0.2:
  version "1.0.3"
  resolved "https://registry.yarnpkg.com/dstructs-cast-arrays/-/dstructs-cast-arrays-1.0.3.tgz#f2cba069ea7431dad5d779601a51d59976c2bc25"
  integrity sha1-8sugaep0MdrV13lgGlHVmXbCvCU=
  dependencies:
    dstructs-array-constructors "^1.0.2"
    dstructs-array-dtype "^1.0.2"
    type-name "^1.0.1"
    validate.io-array-like "^1.0.1"

dstructs-matrix@^2.0.0:
  version "2.1.2"
  resolved "https://registry.yarnpkg.com/dstructs-matrix/-/dstructs-matrix-2.1.2.tgz#b49625600a20b421c609d1911bb1d838290747da"
  integrity sha1-tJYlYAogtCHGCdGRG7HYOCkHR9o=
  dependencies:
    compute-dtype "^1.0.0"
    compute-indexspace "^1.0.1"
    dstructs-cast-arrays "^1.0.2"
    utils-copy "^1.0.0"
    validate.io-array "^1.0.6"
    validate.io-contains "^1.0.0"
    validate.io-function "^1.0.2"
    validate.io-integer-primitive "^1.0.0"
    validate.io-nan "^1.0.3"
    validate.io-nonnegative-integer "^1.0.0"
    validate.io-nonnegative-integer-array "^1.0.1"
    validate.io-number-primitive "^1.0.0"
    validate.io-string-primitive "^1.0.0"

dumpster-dive@^5.4.0:
  version "5.4.0"
  resolved "https://registry.yarnpkg.com/dumpster-dive/-/dumpster-dive-5.4.0.tgz#a644985900f7c71d15ec9e2cac30a982f46c111c"
  integrity sha512-Jn9nucX7Hs+lzjp6JSwQDDO8749q8XFXV3UrTLxNoDfEnIiSK9euylG7vTjG2GQixcxOvbdv6w1PrQac72NMuQ==
  dependencies:
    chalk "4.1.0"
    jsonfn "0.31.0"
    mongodb "3.6.2"
    prettysize "2.0.0"
    sunday-driver "1.0.2"
    worker-nodes "1.6.1"
    wtf_wikipedia "8.5.1"
    yargs "16.0.3"

emoji-regex@^8.0.0:
  version "8.0.0"
  resolved "https://registry.yarnpkg.com/emoji-regex/-/emoji-regex-8.0.0.tgz#e818fd69ce5ccfcb404594f842963bf53164cc37"
  integrity sha512-MSjYzcWNOA0ewAHpz0MxpYFvwg6yjy1NG3xteoqz644VCo/RPgnr1/GGt+ic3iJTzQ8Eu3TdM14SawnVUmGE6A==

entities@^2.0.3:
  version "2.1.0"
  resolved "https://registry.yarnpkg.com/entities/-/entities-2.1.0.tgz#992d3129cf7df6870b96c57858c249a120f8b8b5"
  integrity sha512-hCx1oky9PFrJ611mf0ifBLBRW8lUUVRlFolb5gWRfIELabBlbp9xZvrqZLZAs+NxFnbfQoeGd8wDkygjg7U85w==

escalade@^3.0.2:
  version "3.1.1"
  resolved "https://registry.yarnpkg.com/escalade/-/escalade-3.1.1.tgz#d8cfdc7000965c5a0174b4a82eaa5c0552742e40"
  integrity sha512-k0er2gUkLf8O0zKJiAhmkTnJlTvINGv7ygDNPbeIsX/TJjGJZHuh9B2UxbsaEkmlEo9MfhrSzmhIlhRlI2GXnw==

event-lite@^0.1.1:
  version "0.1.2"
  resolved "https://registry.yarnpkg.com/event-lite/-/event-lite-0.1.2.tgz#838a3e0fdddef8cc90f128006c8e55a4e4e4c11b"
  integrity sha512-HnSYx1BsJ87/p6swwzv+2v6B4X+uxUteoDfRxsAb1S1BePzQqOLevVmkdA15GHJVd9A9Ok6wygUR18Hu0YeV9g==

file-uri-to-path@1.0.0:
  version "1.0.0"
  resolved "https://registry.yarnpkg.com/file-uri-to-path/-/file-uri-to-path-1.0.0.tgz#553a7b8446ff6f684359c445f1e37a05dacc33dd"
  integrity sha512-0Zt+s3L7Vf1biwWZ29aARiVYLx7iMGnEUl9x33fbB/j3jR81u/O2LbqK+Bm1CDSNDKVtJ/YjwY7TUd5SkeLQLw==

gamma@^1.0.0:
  version "1.0.0"
  resolved "https://registry.yarnpkg.com/gamma/-/gamma-1.0.0.tgz#983c1c939fe23d932701585711e1d9a430cb74cb"
  integrity sha1-mDwck5/iPZMnAVhXEeHZpDDLdMs=

get-caller-file@^2.0.5:
  version "2.0.5"
  resolved "https://registry.yarnpkg.com/get-caller-file/-/get-caller-file-2.0.5.tgz#4f94412a82db32f36e3b0b9741f8a97feb031f7e"
  integrity sha512-DyFP3BM/3YHTQOCUL/w0OZHR0lpKeGrxotcHWcqNEdnltqFwXVfhEBQ94eIo34AfQpo0rGki4cyIiftY06h2Fg==

has-flag@^4.0.0:
  version "4.0.0"
  resolved "https://registry.yarnpkg.com/has-flag/-/has-flag-4.0.0.tgz#944771fd9c81c81265c4d6941860da06bb59479b"
  integrity sha512-EykJT/Q1KjTWctppgIAgfSO0tKVuZUjhgMr17kqTumMl6Afv3EISleU7qZUzoXDFTAHTDC4NOoG/ZxU3EvlMPQ==

iconv@^2.1.4:
  version "2.3.5"
  resolved "https://registry.yarnpkg.com/iconv/-/iconv-2.3.5.tgz#5f9b9612f5b15313286748d030c6ff29efdefa33"
  integrity sha512-U5ajDbtDfadp7pvUMC0F2XbkP5vQn9Xrwa6UptePl+cK8EILxapAt3sXers9B3Gxagk+zVjL2ELKuzQvyqOwug==
  dependencies:
    nan "^2.14.0"
    safer-buffer "^2.1.2"

ieee754@^1.1.8:
  version "1.2.1"
  resolved "https://registry.yarnpkg.com/ieee754/-/ieee754-1.2.1.tgz#8eb7a10a63fff25d15a57b001586d177d1b0d352"
  integrity sha512-dcyqhDvX1C46lXZcVqCpK+FtMRQVdIMN6/Df5js2zouUsqG7I6sFxitIC+7KYK29KdXOLHdu9zL4sFnoVQnqaA==

inherits@~2.0.1, inherits@~2.0.3:
  version "2.0.4"
  resolved "https://registry.yarnpkg.com/inherits/-/inherits-2.0.4.tgz#0fa2c64f932917c3433a0ded55363aae37416b7c"
  integrity sha512-k/vGaX4/Yla3WzyMCvTQOXYeIHvqOKtnqBduzTHpzpQZzAskKMhZ2K+EnBiSM9zGSoIFeMpXKxa4dYeZIQqewQ==

int64-buffer@^0.1.9:
  version "0.1.10"
  resolved "https://registry.yarnpkg.com/int64-buffer/-/int64-buffer-0.1.10.tgz#277b228a87d95ad777d07c13832022406a473423"
  integrity sha1-J3siiofZWtd30HwTgyAiQGpHNCM=

is-fullwidth-code-point@^3.0.0:
  version "3.0.0"
  resolved "https://registry.yarnpkg.com/is-fullwidth-code-point/-/is-fullwidth-code-point-3.0.0.tgz#f116f8064fe90b3f7844a38997c0b75051269f1d"
  integrity sha512-zymm5+u+sCsSWyD9qNaejV3DFvhCKclKdizYaJUuHA83RLjb7nSuGnddCHGv0hk+KY7BMAlsWeK4Ueg6EV6XQg==

isarray@0.0.1:
  version "0.0.1"
  resolved "https://registry.yarnpkg.com/isarray/-/isarray-0.0.1.tgz#8a18acfca9a8f4177e09abfc6038939b05d1eedf"
  integrity sha1-ihis/Kmo9Bd+Cav8YDiTmwXR7t8=

isarray@^1.0.0, isarray@~1.0.0:
  version "1.0.0"
  resolved "https://registry.yarnpkg.com/isarray/-/isarray-1.0.0.tgz#bb935d48582cba168c06834957a54a3e07124f11"
  integrity sha1-u5NdSFgsuhaMBoNJV6VKPgcSTxE=

jsonfn@0.31.0:
  version "0.31.0"
  resolved "https://registry.yarnpkg.com/jsonfn/-/jsonfn-0.31.0.tgz#8cd09ee376d46df75c2c0de3c548a95dbb81dc8b"
  integrity sha1-jNCe43bUbfdcLA3jxUipXbuB3Is=

memory-pager@^1.0.2:
  version "1.5.0"
  resolved "https://registry.yarnpkg.com/memory-pager/-/memory-pager-1.5.0.tgz#d8751655d22d384682741c972f2c3d6dfa3e66b5"
  integrity sha512-ZS4Bp4r/Zoeq6+NLJpP+0Zzm0pR8whtGPf1XExKLJBAczGMnSi3It14OiNCStjQjM6NU1okjQGSxgEZN8eBYKg==

mongodb@3.6.2:
  version "3.6.2"
  resolved "https://registry.yarnpkg.com/mongodb/-/mongodb-3.6.2.tgz#1154a4ac107bf1375112d83a29c5cf97704e96b6"
  integrity sha512-sSZOb04w3HcnrrXC82NEh/YGCmBuRgR+C1hZgmmv4L6dBz4BkRse6Y8/q/neXer9i95fKUBbFi4KgeceXmbsOA==
  dependencies:
    bl "^2.2.1"
    bson "^1.1.4"
    denque "^1.4.1"
    require_optional "^1.0.1"
    safe-buffer "^5.1.2"
  optionalDependencies:
    saslprep "^1.0.0"

msgpack-lite@^0.1.26:
  version "0.1.26"
  resolved "https://registry.yarnpkg.com/msgpack-lite/-/msgpack-lite-0.1.26.tgz#dd3c50b26f059f25e7edee3644418358e2a9ad89"
  integrity sha1-3TxQsm8FnyXn7e42REGDWOKprYk=
  dependencies:
    event-lite "^0.1.1"
    ieee754 "^1.1.8"
    int64-buffer "^0.1.9"
    isarray "^1.0.0"

nan@^2.13.2, nan@^2.14.0:
  version "2.14.2"
  resolved "https://registry.yarnpkg.com/nan/-/nan-2.14.2.tgz#f5376400695168f4cc694ac9393d0c9585eeea19"
  integrity sha512-M2ufzIiINKCuDfBSAUr1vWQ+vuVcA9kqx8JJUsbQi6yf1uGRyb7HfpdfUr5qLXf3B/t8dPvcjhKMmlfnP47EzQ==

node-expat@^2.3.1:
  version "2.3.18"
  resolved "https://registry.yarnpkg.com/node-expat/-/node-expat-2.3.18.tgz#d9e6949cecda15e131f14259b73dc7b9ed7bc560"
  integrity sha512-9dIrDxXePa9HSn+hhlAg1wXkvqOjxefEbMclGxk2cEnq/Y3U7Qo5HNNqeo3fQ4bVmLhcdt3YN1TZy7WMZy4MHw==
  dependencies:
    bindings "^1.5.0"
    nan "^2.13.2"

node-fetch@^2.6.1:
  version "2.6.1"
  resolved "https://registry.yarnpkg.com/node-fetch/-/node-fetch-2.6.1.tgz#045bd323631f76ed2e2b55573394416b639a0052"
  integrity sha512-V4aYg89jEoVRxRb2fJdAg8FHvI7cEyYdVAh94HH0UIK8oJxUfkjlDQN9RbMx+bEjP7+ggMiFRprSti032Oipxw==

object-keys@^1.0.9:
  version "1.1.1"
  resolved "https://registry.yarnpkg.com/object-keys/-/object-keys-1.1.1.tgz#1c47f272df277f3b1daf061677d9c82e2322c60e"
  integrity sha512-NuAESUOUMrlIXOfHKzD6bpPu3tYt3xvjNdRIQ+FeT0lNb4K8WR70CaDxhuNguS2XG+GjkyMwOzsN5ZktImfhLA==

prettysize@2.0.0:
  version "2.0.0"
  resolved "https://registry.yarnpkg.com/prettysize/-/prettysize-2.0.0.tgz#902c02480d865d9cc0813011c9feb4fa02ce6996"
  integrity sha512-VVtxR7sOh0VsG8o06Ttq5TrI1aiZKmC+ClSn4eBPaNf4SHr5lzbYW+kYGX3HocBL/MfpVrRfFZ9V3vCbLaiplg==

process-nextick-args@~2.0.0:
  version "2.0.1"
  resolved "https://registry.yarnpkg.com/process-nextick-args/-/process-nextick-args-2.0.1.tgz#7820d9b16120cc55ca9ae7792680ae7dba6d7fe2"
  integrity sha512-3ouUOpQhtgrbOa17J7+uxOTpITYWaGP7/AhoR3+A+/1e9skrzelGi/dXzEYyvbxubEF6Wn2ypscTKiKJFFn1ag==

readable-stream@^1.0.31:
  version "1.1.14"
  resolved "https://registry.yarnpkg.com/readable-stream/-/readable-stream-1.1.14.tgz#7cf4c54ef648e3813084c636dd2079e166c081d9"
  integrity sha1-fPTFTvZI44EwhMY23SB54WbAgdk=
  dependencies:
    core-util-is "~1.0.0"
    inherits "~2.0.1"
    isarray "0.0.1"
    string_decoder "~0.10.x"

readable-stream@^2.3.5:
  version "2.3.7"
  resolved "https://registry.yarnpkg.com/readable-stream/-/readable-stream-2.3.7.tgz#1eca1cf711aef814c04f62252a36a62f6cb23b57"
  integrity sha512-Ebho8K4jIbHAxnuxi7o42OrZgF/ZTNcsZj6nRKyUmkhLFq8CHItp/fy6hQZuZmP/n3yZ9VBUbp4zz/mX8hmYPw==
  dependencies:
    core-util-is "~1.0.0"
    inherits "~2.0.3"
    isarray "~1.0.0"
    process-nextick-args "~2.0.0"
    safe-buffer "~5.1.1"
    string_decoder "~1.1.1"
    util-deprecate "~1.0.1"

redis-commands@^1.5.0:
  version "1.6.0"
  resolved "https://registry.yarnpkg.com/redis-commands/-/redis-commands-1.6.0.tgz#36d4ca42ae9ed29815cdb30ad9f97982eba1ce23"
  integrity sha512-2jnZ0IkjZxvguITjFTrGiLyzQZcTvaw8DAaCXxZq/dsHXz7KfMQ3OUJy7Tz9vnRtZRVz6VRCPDvruvU8Ts44wQ==

redis-errors@^1.0.0, redis-errors@^1.2.0:
  version "1.2.0"
  resolved "https://registry.yarnpkg.com/redis-errors/-/redis-errors-1.2.0.tgz#eb62d2adb15e4eaf4610c04afe1529384250abad"
  integrity sha1-62LSrbFeTq9GEMBK/hUpOEJQq60=

redis-parser@^3.0.0:
  version "3.0.0"
  resolved "https://registry.yarnpkg.com/redis-parser/-/redis-parser-3.0.0.tgz#b66d828cdcafe6b4b8a428a7def4c6bcac31c8b4"
  integrity sha1-tm2CjNyv5rS4pCin3vTGvKwxyLQ=
  dependencies:
    redis-errors "^1.0.0"

redis@^3.0.2:
  version "3.0.2"
  resolved "https://registry.yarnpkg.com/redis/-/redis-3.0.2.tgz#bd47067b8a4a3e6a2e556e57f71cc82c7360150a"
  integrity sha512-PNhLCrjU6vKVuMOyFu7oSP296mwBkcE6lrAjruBYG5LgdSqtRBoVQIylrMyVZD/lkF24RSNNatzvYag6HRBHjQ==
  dependencies:
    denque "^1.4.1"
    redis-commands "^1.5.0"
    redis-errors "^1.2.0"
    redis-parser "^3.0.0"

regex-regex@^1.0.0:
  version "1.0.0"
  resolved "https://registry.yarnpkg.com/regex-regex/-/regex-regex-1.0.0.tgz#9048a1eaeb870f4d480dabc76fc42cdcc0bc3a72"
  integrity sha1-kEih6uuHD01IDavHb8Qs3MC8OnI=

require-directory@^2.1.1:
  version "2.1.1"
  resolved "https://registry.yarnpkg.com/require-directory/-/require-directory-2.1.1.tgz#8c64ad5fd30dab1c976e2344ffe7f792a6a6df42"
  integrity sha1-jGStX9MNqxyXbiNE/+f3kqam30I=

require_optional@^1.0.1:
  version "1.0.1"
  resolved "https://registry.yarnpkg.com/require_optional/-/require_optional-1.0.1.tgz#4cf35a4247f64ca3df8c2ef208cc494b1ca8fc2e"
  integrity sha512-qhM/y57enGWHAe3v/NcwML6a3/vfESLe/sGM2dII+gEO0BpKRUkWZow/tyloNqJyN6kXSl3RyyM8Ll5D/sJP8g==
  dependencies:
    resolve-from "^2.0.0"
    semver "^5.1.0"

resolve-from@^2.0.0:
  version "2.0.0"
  resolved "https://registry.yarnpkg.com/resolve-from/-/resolve-from-2.0.0.tgz#9480ab20e94ffa1d9e80a804c7ea147611966b57"
  integrity sha1-lICrIOlP+h2egKgEx+oUdhGWa1c=

rss-parser@^3.10.0:
  version "3.10.0"
  resolved "https://registry.yarnpkg.com/rss-parser/-/rss-parser-3.10.0.tgz#19a8bcc569981832180a87fe58a17f1838ca3a45"
  integrity sha512-TC6FNvEmdFeaW6r/60MSJT7cp4d95X4M9As+mvNtxRx7YXHxpV95syMnWZthZSeD1BRN7SEKdq6c3nxMLQRopw==
  dependencies:
    entities "^2.0.3"
    xml2js "^0.4.19"

safe-buffer@^5.1.1, safe-buffer@^5.1.2:
  version "5.2.1"
  resolved "https://registry.yarnpkg.com/safe-buffer/-/safe-buffer-5.2.1.tgz#1eaf9fa9bdb1fdd4ec75f58f9cdb4e6b7827eec6"
  integrity sha512-rp3So07KcdmmKbGvgaNxQSJr7bGVSVk5S9Eq1F+ppbRo70+YeaDxkw5Dd8NPN+GD6bjnYm2VuPuCXmpuYvmCXQ==

safe-buffer@~5.1.0, safe-buffer@~5.1.1:
  version "5.1.2"
  resolved "https://registry.yarnpkg.com/safe-buffer/-/safe-buffer-5.1.2.tgz#991ec69d296e0313747d59bdfd2b745c35f8828d"
  integrity sha512-Gd2UZBJDkXlY7GbJxfsE8/nvKkUEU1G38c1siN6QP6a9PT9MmHB8GnpscSmMJSoF8LOIrt8ud/wPtojys4G6+g==

safer-buffer@^2.1.2:
  version "2.1.2"
  resolved "https://registry.yarnpkg.com/safer-buffer/-/safer-buffer-2.1.2.tgz#44fa161b0187b9549dd84bb91802f9bd8385cd6a"
  integrity sha512-YZo3K82SD7Riyi0E1EQPojLz7kpepnSQI9IyPbHHg1XXXevb5dJI7tpyN2ADxGcQbHG7vcyRHk0cbwqcQriUtg==

saslprep@^1.0.0:
  version "1.0.3"
  resolved "https://registry.yarnpkg.com/saslprep/-/saslprep-1.0.3.tgz#4c02f946b56cf54297e347ba1093e7acac4cf226"
  integrity sha512-/MY/PEMbk2SuY5sScONwhUDsV2p77Znkb/q3nSVstq/yQzYJOH/Azh29p9oJLsl3LnQwSvZDKagDGBsBwSooag==
  dependencies:
    sparse-bitfield "^3.0.3"

sax@>=0.6.0:
  version "1.2.4"
  resolved "https://registry.yarnpkg.com/sax/-/sax-1.2.4.tgz#2816234e2378bddc4e5354fab5caa895df7100d9"
  integrity sha512-NqVDv9TpANUjFm0N8uM5GxL36UgKi9/atZw+x7YFnQ8ckwFGKrl4xX4yWtrey3UJm5nP1kUbnYgLopqWNSRhWw==

semver@^5.1.0:
  version "5.7.1"
  resolved "https://registry.yarnpkg.com/semver/-/semver-5.7.1.tgz#a954f931aeba508d307bbf069eff0c01c96116f7"
  integrity sha512-sauaDf/PZdVgrLTNYHRtpXa1iRiKcaebiKQ1BJdpQlWH2lCvexQdX55snPFyK7QzpudqbCI0qXFfOasHdyNDGQ==

sparse-bitfield@^3.0.3:
  version "3.0.3"
  resolved "https://registry.yarnpkg.com/sparse-bitfield/-/sparse-bitfield-3.0.3.tgz#ff4ae6e68656056ba4b3e792ab3334d38273ca11"
  integrity sha1-/0rm5oZWBWuks+eSqzM004JzyhE=
  dependencies:
    memory-pager "^1.0.2"

string-width@^4.1.0, string-width@^4.2.0:
  version "4.2.0"
  resolved "https://registry.yarnpkg.com/string-width/-/string-width-4.2.0.tgz#952182c46cc7b2c313d1596e623992bd163b72b5"
  integrity sha512-zUz5JD+tgqtuDjMhwIg5uFVV3dtqZ9yQJlZVfq4I01/K5Paj5UHj7VyrQOJvzawSVlKpObApbfD0Ed6yJc+1eg==
  dependencies:
    emoji-regex "^8.0.0"
    is-fullwidth-code-point "^3.0.0"
    strip-ansi "^6.0.0"

string_decoder@~0.10.x:
  version "0.10.31"
  resolved "https://registry.yarnpkg.com/string_decoder/-/string_decoder-0.10.31.tgz#62e203bc41766c6c28c9fc84301dab1c5310fa94"
  integrity sha1-YuIDvEF2bGwoyfyEMB2rHFMQ+pQ=

string_decoder@~1.1.1:
  version "1.1.1"
  resolved "https://registry.yarnpkg.com/string_decoder/-/string_decoder-1.1.1.tgz#9cf1611ba62685d7030ae9e4ba34149c3af03fc8"
  integrity sha512-n/ShnvDi6FHbbVfviro+WojiFzv+s8MPMHBczVePfUpDJLwoLT0ht1l4YwBCbi8pJAveEEdnkHyPyTP/mzRfwg==
  dependencies:
    safe-buffer "~5.1.0"

strip-ansi@^6.0.0:
  version "6.0.0"
  resolved "https://registry.yarnpkg.com/strip-ansi/-/strip-ansi-6.0.0.tgz#0b1571dd7669ccd4f3e06e14ef1eed26225ae532"
  integrity sha512-AuvKTrTfQNYNIctbR1K/YGTR1756GycPsg7b9bdV9Duqur4gv6aKqHXah67Z8ImS7WEz5QVcOtlfW2rZEugt6w==
  dependencies:
    ansi-regex "^5.0.0"

sunday-driver@1.0.2:
  version "1.0.2"
  resolved "https://registry.yarnpkg.com/sunday-driver/-/sunday-driver-1.0.2.tgz#908816c23ed2139c8a9e43b906cc3ae4124b029a"
  integrity sha512-18e+ylymbc7RGr6uEyDSPwSUHKwT0OaZrm7O9zl74dUfOvQdNdYvMHitw4MCa1Re/3iwlVEzvU39SRy9fkvjZg==

supports-color@^7.1.0:
  version "7.2.0"
  resolved "https://registry.yarnpkg.com/supports-color/-/supports-color-7.2.0.tgz#1b7dcdcb32b8138801b3e478ba6a51caa89648da"
  integrity sha512-qpCAvRl9stuOHveKsn7HncJRvv501qIacKzQlO/+Lwxc9+0q2wLyv4Dfvt80/DPn2pqOBsJdDiogXGR9+OvwRw==
  dependencies:
    has-flag "^4.0.0"

type-name@^1.0.1:
  version "1.1.0"
  resolved "https://registry.yarnpkg.com/type-name/-/type-name-1.1.0.tgz#ad9c3f7c330f5b2f08de7d79f56d2b9451e42b0e"
  integrity sha1-rZw/fDMPWy8I3n159W0rlFHkKw4=

type-name@^2.0.0:
  version "2.0.2"
  resolved "https://registry.yarnpkg.com/type-name/-/type-name-2.0.2.tgz#efe7d4123d8ac52afff7f40c7e4dec5266008fb4"
  integrity sha1-7+fUEj2KxSr/9/QMfk3sUmYAj7Q=

util-deprecate@~1.0.1:
  version "1.0.2"
  resolved "https://registry.yarnpkg.com/util-deprecate/-/util-deprecate-1.0.2.tgz#450d4dc9fa70de732762fbd2d4a28981419a0ccf"
  integrity sha1-RQ1Nyfpw3nMnYvvS1KKJgUGaDM8=

utils-copy-error@^1.0.0:
  version "1.0.1"
  resolved "https://registry.yarnpkg.com/utils-copy-error/-/utils-copy-error-1.0.1.tgz#791de393c0f09890afd59f3cbea635f079a94fa5"
  integrity sha1-eR3jk8DwmJCv1Z88vqY18HmpT6U=
  dependencies:
    object-keys "^1.0.9"
    utils-copy "^1.1.0"

utils-copy@^1.0.0, utils-copy@^1.1.0:
  version "1.1.1"
  resolved "https://registry.yarnpkg.com/utils-copy/-/utils-copy-1.1.1.tgz#6e2b97982aa8cd73e1182a3e6f8bec3c0f4058a7"
  integrity sha1-biuXmCqozXPhGCo+b4vsPA9AWKc=
  dependencies:
    const-pinf-float64 "^1.0.0"
    object-keys "^1.0.9"
    type-name "^2.0.0"
    utils-copy-error "^1.0.0"
    utils-indexof "^1.0.0"
    utils-regex-from-string "^1.0.0"
    validate.io-array "^1.0.3"
    validate.io-buffer "^1.0.1"
    validate.io-nonnegative-integer "^1.0.0"

utils-deep-get@^1.0.0:
  version "1.0.0"
  resolved "https://registry.yarnpkg.com/utils-deep-get/-/utils-deep-get-1.0.0.tgz#48404a77fa26f84e696e485a6389c2becdf0a0c9"
  integrity sha1-SEBKd/om+E5pbkhaY4nCvs3woMk=
  dependencies:
    validate.io-array "^1.0.6"
    validate.io-object "^1.0.4"
    validate.io-string-primitive "^1.0.0"

utils-deep-set@^1.0.1:
  version "1.0.1"
  resolved "https://registry.yarnpkg.com/utils-deep-set/-/utils-deep-set-1.0.1.tgz#666af93ccd1d221c3fcafdf2151a22ee0bcb06fe"
  integrity sha1-Zmr5PM0dIhw/yv3yFRoi7gvLBv4=
  dependencies:
    validate.io-array "^1.0.6"
    validate.io-boolean-primitive "^1.0.0"
    validate.io-object "^1.0.4"
    validate.io-string-primitive "^1.0.0"

utils-indexof@^1.0.0:
  version "1.0.0"
  resolved "https://registry.yarnpkg.com/utils-indexof/-/utils-indexof-1.0.0.tgz#20feabf09ef1018b523643e8380e7bc83ec61b5c"
  integrity sha1-IP6r8J7xAYtSNkPoOA57yD7GG1w=
  dependencies:
    validate.io-array-like "^1.0.1"
    validate.io-integer-primitive "^1.0.0"

utils-regex-from-string@^1.0.0:
  version "1.0.0"
  resolved "https://registry.yarnpkg.com/utils-regex-from-string/-/utils-regex-from-string-1.0.0.tgz#fe1a2909f8de0ff0d5182c80fbc654d6a687d189"
  integrity sha1-/hopCfjeD/DVGCyA+8ZU1qaH0Yk=
  dependencies:
    regex-regex "^1.0.0"
    validate.io-string-primitive "^1.0.0"

validate.io-array-like@^1.0.1:
  version "1.0.2"
  resolved "https://registry.yarnpkg.com/validate.io-array-like/-/validate.io-array-like-1.0.2.tgz#7af9f7eb7b51715beb2215668ec5cce54faddb5a"
  integrity sha1-evn363tRcVvrIhVmjsXM5U+t21o=
  dependencies:
    const-max-uint32 "^1.0.2"
    validate.io-integer-primitive "^1.0.0"

validate.io-array@^1.0.1, validate.io-array@^1.0.3, validate.io-array@^1.0.6:
  version "1.0.6"
  resolved "https://registry.yarnpkg.com/validate.io-array/-/validate.io-array-1.0.6.tgz#5b5a2cafd8f8b85abb2f886ba153f2d93a27774d"
  integrity sha1-W1osr9j4uFq7L4hroVPy2Tond00=

validate.io-boolean-primitive@^1.0.0:
  version "1.0.0"
  resolved "https://registry.yarnpkg.com/validate.io-boolean-primitive/-/validate.io-boolean-primitive-1.0.0.tgz#bb14c9cb8683c3c9f3d1329a95a7768e3ee29eb5"
  integrity sha1-uxTJy4aDw8nz0TKalad2jj7inrU=

validate.io-buffer@^1.0.1:
  version "1.0.2"
  resolved "https://registry.yarnpkg.com/validate.io-buffer/-/validate.io-buffer-1.0.2.tgz#852d6734021914d5d13afc32531761e3720ed44e"
  integrity sha1-hS1nNAIZFNXROvwyUxdh43IO1E4=

validate.io-contains@^1.0.0:
  version "1.0.0"
  resolved "https://registry.yarnpkg.com/validate.io-contains/-/validate.io-contains-1.0.0.tgz#bf09ba4f27c642507b0905dbb3a74a5277089cfe"
  integrity sha1-vwm6TyfGQlB7CQXbs6dKUncInP4=
  dependencies:
    validate.io-array "^1.0.3"
    validate.io-nan-primitive "^1.0.0"

validate.io-function@^1.0.2:
  version "1.0.2"
  resolved "https://registry.yarnpkg.com/validate.io-function/-/validate.io-function-1.0.2.tgz#343a19802ed3b1968269c780e558e93411c0bad7"
  integrity sha1-NDoZgC7TsZaCaceA5VjpNBHAutc=

validate.io-integer-primitive@^1.0.0:
  version "1.0.0"
  resolved "https://registry.yarnpkg.com/validate.io-integer-primitive/-/validate.io-integer-primitive-1.0.0.tgz#a9aa010355fe8681c0fea6c1a74ad2419cadddc6"
  integrity sha1-qaoBA1X+hoHA/qbBp0rSQZyt3cY=
  dependencies:
    validate.io-number-primitive "^1.0.0"

validate.io-integer@^1.0.5:
  version "1.0.5"
  resolved "https://registry.yarnpkg.com/validate.io-integer/-/validate.io-integer-1.0.5.tgz#168496480b95be2247ec443f2233de4f89878068"
  integrity sha1-FoSWSAuVviJH7EQ/IjPeT4mHgGg=
  dependencies:
    validate.io-number "^1.0.3"

validate.io-matrix-like@^1.0.2:
  version "1.0.2"
  resolved "https://registry.yarnpkg.com/validate.io-matrix-like/-/validate.io-matrix-like-1.0.2.tgz#5ec32a75d0889dac736dea68bdd6145b155edfc3"
  integrity sha1-XsMqddCInaxzbepovdYUWxVe38M=

validate.io-nan-primitive@^1.0.0:
  version "1.0.0"
  resolved "https://registry.yarnpkg.com/validate.io-nan-primitive/-/validate.io-nan-primitive-1.0.0.tgz#475cc2d035d0baf2d009122d83ea291a32d7fb0c"
  integrity sha1-R1zC0DXQuvLQCRItg+opGjLX+ww=

validate.io-nan@^1.0.3:
  version "1.0.3"
  resolved "https://registry.yarnpkg.com/validate.io-nan/-/validate.io-nan-1.0.3.tgz#d438e13868c9cbd37fdba12594de4d8fe14430a4"
  integrity sha1-1DjhOGjJy9N/26EllN5Nj+FEMKQ=

validate.io-nonnegative-integer-array@^1.0.1:
  version "1.0.1"
  resolved "https://registry.yarnpkg.com/validate.io-nonnegative-integer-array/-/validate.io-nonnegative-integer-array-1.0.1.tgz#66330a665f5598b96f25f69081f81f632ea4db4f"
  integrity sha1-ZjMKZl9VmLlvJfaQgfgfYy6k208=
  dependencies:
    validate.io-array "^1.0.3"
    validate.io-nonnegative-integer "^1.0.0"

validate.io-nonnegative-integer@^1.0.0:
  version "1.0.0"
  resolved "https://registry.yarnpkg.com/validate.io-nonnegative-integer/-/validate.io-nonnegative-integer-1.0.0.tgz#8069243a08c5f98e95413c929dfd7b18f3f6f29f"
  integrity sha1-gGkkOgjF+Y6VQTySnf17GPP28p8=
  dependencies:
    validate.io-integer "^1.0.5"

validate.io-number-primitive@^1.0.0:
  version "1.0.0"
  resolved "https://registry.yarnpkg.com/validate.io-number-primitive/-/validate.io-number-primitive-1.0.0.tgz#d2e01f202989369dcf1155449564203afe584e55"
  integrity sha1-0uAfICmJNp3PEVVElWQgOv5YTlU=

validate.io-number@^1.0.3:
  version "1.0.3"
  resolved "https://registry.yarnpkg.com/validate.io-number/-/validate.io-number-1.0.3.tgz#f63ffeda248bf28a67a8d48e0e3b461a1665baf8"
  integrity sha1-9j/+2iSL8opnqNSODjtGGhZluvg=

validate.io-object@^1.0.4:
  version "1.0.4"
  resolved "https://registry.yarnpkg.com/validate.io-object/-/validate.io-object-1.0.4.tgz#dca01eceee390e110dbc2af843c81f7bf33a41ab"
  integrity sha1-3KAezu45DhENvCr4Q8gfe/M6Qas=
  dependencies:
    validate.io-array "^1.0.1"

validate.io-positive-primitive@^1.0.0:
  version "1.0.0"
  resolved "https://registry.yarnpkg.com/validate.io-positive-primitive/-/validate.io-positive-primitive-1.0.0.tgz#bc6124416b1ea17edbf035a17669d00b185877c0"
  integrity sha1-vGEkQWseoX7b8DWhdmnQCxhYd8A=
  dependencies:
    validate.io-number-primitive "^1.0.0"

validate.io-string-primitive@^1.0.0:
  version "1.0.1"
  resolved "https://registry.yarnpkg.com/validate.io-string-primitive/-/validate.io-string-primitive-1.0.1.tgz#b8135b9fb1372bde02fdd53ad1d0ccd6de798fee"
  integrity sha1-uBNbn7E3K94C/dU60dDM1t55j+4=

validate.io-typed-array-like@^1.0.0:
  version "1.0.1"
  resolved "https://registry.yarnpkg.com/validate.io-typed-array-like/-/validate.io-typed-array-like-1.0.1.tgz#bc9d08ed1d9bfa7bd9ec544c6ee3735a786df70a"
  integrity sha1-vJ0I7R2b+nvZ7FRMbuNzWnht9wo=
  dependencies:
    const-max-uint32 "^1.0.2"
    validate.io-integer-primitive "^1.0.0"

wordlist-english@^1.2.1:
  version "1.2.1"
  resolved "https://registry.yarnpkg.com/wordlist-english/-/wordlist-english-1.2.1.tgz#7a76da3c7ac26919d80d1a54056c796830febdf7"
  integrity sha512-vaiQQiu95UeON0WZFtiTrWfZmIiUd2rhrhMCBeEzwq3oTVzHCX8naGCqv/smSspE9kH2sN+E8lZyV0JZjqSzGw==

worker-nodes@1.6.1:
  version "1.6.1"
  resolved "https://registry.yarnpkg.com/worker-nodes/-/worker-nodes-1.6.1.tgz#dfc0d6ab49b4e3411becf397b65c26f97d21f530"
  integrity sha512-2+vvAoOLTNeun9XhnsxTSNH+N3y+gTS7dLtM0shZymavL08y5ShKxemdOpqbbZg1V6apKj+xiO5dWw/Rue4Arg==
  dependencies:
    msgpack-lite "^0.1.26"

wrap-ansi@^7.0.0:
  version "7.0.0"
  resolved "https://registry.yarnpkg.com/wrap-ansi/-/wrap-ansi-7.0.0.tgz#67e145cff510a6a6984bdf1152911d69d2eb9e43"
  integrity sha512-YVGIj2kamLSTxw6NsZjoBxfSwsn0ycdesmc4p+Q21c5zPuZ1pl+NfxVdxPtdHvmNVOQ6XSYG4AUtyt/Fi7D16Q==
  dependencies:
    ansi-styles "^4.0.0"
    string-width "^4.1.0"
    strip-ansi "^6.0.0"

wtf_wikipedia@8.5.1, wtf_wikipedia@^8.5.1:
  version "8.5.1"
  resolved "https://registry.yarnpkg.com/wtf_wikipedia/-/wtf_wikipedia-8.5.1.tgz#41a058fe46d2be8b7aeaa40a3a43800aa222a41c"
  integrity sha512-tvLDPsC9bGG9ABMijCCEFwPhK4678glSVX45UwXwT7KhTJgQFhn3cdm84cMOKSTag+/bRfgBG+qe9qXn3AyStw==

xml-stream@^0.4.5:
  version "0.4.5"
  resolved "https://registry.yarnpkg.com/xml-stream/-/xml-stream-0.4.5.tgz#7452d85b37f9b881a70eff0cf74a0df02088edeb"
  integrity sha1-dFLYWzf5uIGnDv8M90oN8CCI7es=
  dependencies:
    iconv "^2.1.4"
    node-expat "^2.3.1"
    readable-stream "^1.0.31"

xml2js@^0.4.19:
  version "0.4.23"
  resolved "https://registry.yarnpkg.com/xml2js/-/xml2js-0.4.23.tgz#a0c69516752421eb2ac758ee4d4ccf58843eac66"
  integrity sha512-ySPiMjM0+pLDftHgXY4By0uswI3SPKLDw/i3UXbnO8M/p28zqexCUoPmQFrYD+/1BzhGJSs2i1ERWKJAtiLrug==
  dependencies:
    sax ">=0.6.0"
    xmlbuilder "~11.0.0"

xmlbuilder@~11.0.0:
  version "11.0.1"
  resolved "https://registry.yarnpkg.com/xmlbuilder/-/xmlbuilder-11.0.1.tgz#be9bae1c8a046e76b31127726347d0ad7002beb3"
  integrity sha512-fDlsI/kFEx7gLvbecc0/ohLG50fugQp8ryHzMTuW9vSa1GJ0XYWKnhsUx7oie3G98+r56aTQIUB4kht42R3JvA==

y18n@^5.0.1:
  version "5.0.5"
  resolved "https://registry.yarnpkg.com/y18n/-/y18n-5.0.5.tgz#8769ec08d03b1ea2df2500acef561743bbb9ab18"
  integrity sha512-hsRUr4FFrvhhRH12wOdfs38Gy7k2FFzB9qgN9v3aLykRq0dRcdcpz5C9FxdS2NuhOrI/628b/KSTJ3rwHysYSg==

yargs-parser@^20.0.0:
  version "20.2.4"
  resolved "https://registry.yarnpkg.com/yargs-parser/-/yargs-parser-20.2.4.tgz#b42890f14566796f85ae8e3a25290d205f154a54"
  integrity sha512-WOkpgNhPTlE73h4VFAFsOnomJVaovO8VqLDzy5saChRBFQFBoMYirowyW+Q9HB4HFF4Z7VZTiG3iSzJJA29yRA==

yargs@16.0.3:
  version "16.0.3"
  resolved "https://registry.yarnpkg.com/yargs/-/yargs-16.0.3.tgz#7a919b9e43c90f80d4a142a89795e85399a7e54c"
  integrity sha512-6+nLw8xa9uK1BOEOykaiYAJVh6/CjxWXK/q9b5FpRgNslt8s22F2xMBqVIKgCRjNgGvGPBy8Vog7WN7yh4amtA==
  dependencies:
    cliui "^7.0.0"
    escalade "^3.0.2"
    get-caller-file "^2.0.5"
    require-directory "^2.1.1"
    string-width "^4.2.0"
    y18n "^5.0.1"
    yargs-parser "^20.0.0"
